// !$*UTF8*$!
{
	archiveVersion = 1;
	classes = {
	};
	objectVersion = 50;
	objects = {

/* Begin PBXBuildFile section */
		998B877D24A856670007D698 /* AppDelegate.swift in Sources */ = {isa = PBXBuildFile; fileRef = 998B877C24A856670007D698 /* AppDelegate.swift */; };
		998B877F24A856670007D698 /* art.scnassets in Resources */ = {isa = PBXBuildFile; fileRef = 998B877E24A856670007D698 /* art.scnassets */; };
		998B878124A856670007D698 /* ViewController.swift in Sources */ = {isa = PBXBuildFile; fileRef = 998B878024A856670007D698 /* ViewController.swift */; };
		998B878424A856670007D698 /* Main.storyboard in Resources */ = {isa = PBXBuildFile; fileRef = 998B878224A856670007D698 /* Main.storyboard */; };
		998B878624A856680007D698 /* Assets.xcassets in Resources */ = {isa = PBXBuildFile; fileRef = 998B878524A856680007D698 /* Assets.xcassets */; };
		998B878924A856680007D698 /* LaunchScreen.storyboard in Resources */ = {isa = PBXBuildFile; fileRef = 998B878724A856680007D698 /* LaunchScreen.storyboard */; };
		998B879124A856EE0007D698 /* ScanImageView.swift in Sources */ = {isa = PBXBuildFile; fileRef = 998B879024A856EE0007D698 /* ScanImageView.swift */; };
		998B879324A857080007D698 /* ScanButton.swift in Sources */ = {isa = PBXBuildFile; fileRef = 998B879224A857080007D698 /* ScanButton.swift */; };
		998B879524A8575D0007D698 /* OcrTextView.swift in Sources */ = {isa = PBXBuildFile; fileRef = 998B879424A8575D0007D698 /* OcrTextView.swift */; };
/* End PBXBuildFile section */

/* Begin PBXFileReference section */
		998B877924A856670007D698 /* BookReviewApp.app */ = {isa = PBXFileReference; explicitFileType = wrapper.application; includeInIndex = 0; path = BookReviewApp.app; sourceTree = BUILT_PRODUCTS_DIR; };
		998B877C24A856670007D698 /* AppDelegate.swift */ = {isa = PBXFileReference; lastKnownFileType = sourcecode.swift; path = AppDelegate.swift; sourceTree = "<group>"; };
		998B877E24A856670007D698 /* art.scnassets */ = {isa = PBXFileReference; lastKnownFileType = wrapper.scnassets; path = art.scnassets; sourceTree = "<group>"; };
		998B878024A856670007D698 /* ViewController.swift */ = {isa = PBXFileReference; lastKnownFileType = sourcecode.swift; path = ViewController.swift; sourceTree = "<group>"; };
		998B878324A856670007D698 /* Base */ = {isa = PBXFileReference; lastKnownFileType = file.storyboard; name = Base; path = Base.lproj/Main.storyboard; sourceTree = "<group>"; };
		998B878524A856680007D698 /* Assets.xcassets */ = {isa = PBXFileReference; lastKnownFileType = folder.assetcatalog; path = Assets.xcassets; sourceTree = "<group>"; };
		998B878824A856680007D698 /* Base */ = {isa = PBXFileReference; lastKnownFileType = file.storyboard; name = Base; path = Base.lproj/LaunchScreen.storyboard; sourceTree = "<group>"; };
		998B878A24A856680007D698 /* Info.plist */ = {isa = PBXFileReference; lastKnownFileType = text.plist.xml; path = Info.plist; sourceTree = "<group>"; };
		998B879024A856EE0007D698 /* ScanImageView.swift */ = {isa = PBXFileReference; lastKnownFileType = sourcecode.swift; path = ScanImageView.swift; sourceTree = "<group>"; };
		998B879224A857080007D698 /* ScanButton.swift */ = {isa = PBXFileReference; lastKnownFileType = sourcecode.swift; path = ScanButton.swift; sourceTree = "<group>"; };
		998B879424A8575D0007D698 /* OcrTextView.swift */ = {isa = PBXFileReference; lastKnownFileType = sourcecode.swift; path = OcrTextView.swift; sourceTree = "<group>"; };
/* End PBXFileReference section */

/* Begin PBXFrameworksBuildPhase section */
		998B877624A856670007D698 /* Frameworks */ = {
			isa = PBXFrameworksBuildPhase;
			buildActionMask = 2147483647;
			files = (
			);
			runOnlyForDeploymentPostprocessing = 0;
		};
/* End PBXFrameworksBuildPhase section */

/* Begin PBXGroup section */
		998B877024A856670007D698 = {
			isa = PBXGroup;
			children = (
				998B877B24A856670007D698 /* BookReviewApp */,
				998B877A24A856670007D698 /* Products */,
			);
			sourceTree = "<group>";
		};
		998B877A24A856670007D698 /* Products */ = {
			isa = PBXGroup;
			children = (
				998B877924A856670007D698 /* BookReviewApp.app */,
			);
			name = Products;
			sourceTree = "<group>";
		};
		998B877B24A856670007D698 /* BookReviewApp */ = {
			isa = PBXGroup;
			children = (
				998B877C24A856670007D698 /* AppDelegate.swift */,
				998B877E24A856670007D698 /* art.scnassets */,
				998B878024A856670007D698 /* ViewController.swift */,
				998B879024A856EE0007D698 /* ScanImageView.swift */,
				998B879424A8575D0007D698 /* OcrTextView.swift */,
				998B879224A857080007D698 /* ScanButton.swift */,
				998B878224A856670007D698 /* Main.storyboard */,
				998B878524A856680007D698 /* Assets.xcassets */,
				998B878724A856680007D698 /* LaunchScreen.storyboard */,
				998B878A24A856680007D698 /* Info.plist */,
			);
			path = BookReviewApp;
			sourceTree = "<group>";
		};
/* End PBXGroup section */

/* Begin PBXNativeTarget section */
		998B877824A856670007D698 /* BookReviewApp */ = {
			isa = PBXNativeTarget;
			buildConfigurationList = 998B878D24A856680007D698 /* Build configuration list for PBXNativeTarget "BookReviewApp" */;
			buildPhases = (
				998B877524A856670007D698 /* Sources */,
				998B877624A856670007D698 /* Frameworks */,
				998B877724A856670007D698 /* Resources */,
			);
			buildRules = (
			);
			dependencies = (
			);
			name = BookReviewApp;
			productName = BookReviewApp;
			productReference = 998B877924A856670007D698 /* BookReviewApp.app */;
			productType = "com.apple.product-type.application";
		};
/* End PBXNativeTarget section */

/* Begin PBXProject section */
		998B877124A856670007D698 /* Project object */ = {
			isa = PBXProject;
			attributes = {
				LastSwiftUpdateCheck = 1160;
				LastUpgradeCheck = 1160;
				ORGANIZATIONNAME = ESUHSD;
				TargetAttributes = {
					998B877824A856670007D698 = {
						CreatedOnToolsVersion = 11.6;
					};
				};
			};
			buildConfigurationList = 998B877424A856670007D698 /* Build configuration list for PBXProject "BookReviewApp" */;
			compatibilityVersion = "Xcode 9.3";
			developmentRegion = en;
			hasScannedForEncodings = 0;
			knownRegions = (
				en,
				Base,
			);
			mainGroup = 998B877024A856670007D698;
			productRefGroup = 998B877A24A856670007D698 /* Products */;
			projectDirPath = "";
			projectRoot = "";
			targets = (
				998B877824A856670007D698 /* BookReviewApp */,
			);
		};
/* End PBXProject section */

/* Begin PBXResourcesBuildPhase section */
		998B877724A856670007D698 /* Resources */ = {
			isa = PBXResourcesBuildPhase;
			buildActionMask = 2147483647;
			files = (
				998B877F24A856670007D698 /* art.scnassets in Resources */,
				998B878924A856680007D698 /* LaunchScreen.storyboard in Resources */,
				998B878624A856680007D698 /* Assets.xcassets in Resources */,
				998B878424A856670007D698 /* Main.storyboard in Resources */,
			);
			runOnlyForDeploymentPostprocessing = 0;
		};
/* End PBXResourcesBuildPhase section */

/* Begin PBXSourcesBuildPhase section */
		998B877524A856670007D698 /* Sources */ = {
			isa = PBXSourcesBuildPhase;
			buildActionMask = 2147483647;
			files = (
				998B879324A857080007D698 /* ScanButton.swift in Sources */,
				998B878124A856670007D698 /* ViewController.swift in Sources */,
				998B877D24A856670007D698 /* AppDelegate.swift in Sources */,
				998B879524A8575D0007D698 /* OcrTextView.swift in Sources */,
				998B879124A856EE0007D698 /* ScanImageView.swift in Sources */,
			);
			runOnlyForDeploymentPostprocessing = 0;
		};
/* End PBXSourcesBuildPhase section */

/* Begin PBXVariantGroup section */
		998B878224A856670007D698 /* Main.storyboard */ = {
			isa = PBXVariantGroup;
			children = (
				998B878324A856670007D698 /* Base */,
			);
			name = Main.storyboard;
			sourceTree = "<group>";
		};
		998B878724A856680007D698 /* LaunchScreen.storyboard */ = {
			isa = PBXVariantGroup;
			children = (
				998B878824A856680007D698 /* Base */,
			);
			name = LaunchScreen.storyboard;
			sourceTree = "<group>";
		};
/* End PBXVariantGroup section */

/* Begin XCBuildConfiguration section */
		998B878B24A856680007D698 /* Debug */ = {
			isa = XCBuildConfiguration;
			buildSettings = {
				ALWAYS_SEARCH_USER_PATHS = NO;
				CLANG_ANALYZER_NONNULL = YES;
				CLANG_ANALYZER_NUMBER_OBJECT_CONVERSION = YES_AGGRESSIVE;
				CLANG_CXX_LANGUAGE_STANDARD = "gnu++14";
				CLANG_CXX_LIBRARY = "libc++";
				CLANG_ENABLE_MODULES = YES;
				CLANG_ENABLE_OBJC_ARC = YES;
				CLANG_ENABLE_OBJC_WEAK = YES;
				CLANG_WARN_BLOCK_CAPTURE_AUTORELEASING = YES;
				CLANG_WARN_BOOL_CONVERSION = YES;
				CLANG_WARN_COMMA = YES;
				CLANG_WARN_CONSTANT_CONVERSION = YES;
				CLANG_WARN_DEPRECATED_OBJC_IMPLEMENTATIONS = YES;
				CLANG_WARN_DIRECT_OBJC_ISA_USAGE = YES_ERROR;
				CLANG_WARN_DOCUMENTATION_COMMENTS = YES;
				CLANG_WARN_EMPTY_BODY = YES;
				CLANG_WARN_ENUM_CONVERSION = YES;
				CLANG_WARN_INFINITE_RECURSION = YES;
				CLANG_WARN_INT_CONVERSION = YES;
				CLANG_WARN_NON_LITERAL_NULL_CONVERSION = YES;
				CLANG_WARN_OBJC_IMPLICIT_RETAIN_SELF = YES;
				CLANG_WARN_OBJC_LITERAL_CONVERSION = YES;
				CLANG_WARN_OBJC_ROOT_CLASS = YES_ERROR;
				CLANG_WARN_RANGE_LOOP_ANALYSIS = YES;
				CLANG_WARN_STRICT_PROTOTYPES = YES;
				CLANG_WARN_SUSPICIOUS_MOVE = YES;
				CLANG_WARN_UNGUARDED_AVAILABILITY = YES_AGGRESSIVE;
				CLANG_WARN_UNREACHABLE_CODE = YES;
				CLANG_WARN__DUPLICATE_METHOD_MATCH = YES;
				COPY_PHASE_STRIP = NO;
				DEBUG_INFORMATION_FORMAT = dwarf;
				ENABLE_STRICT_OBJC_MSGSEND = YES;
				ENABLE_TESTABILITY = YES;
				GCC_C_LANGUAGE_STANDARD = gnu11;
				GCC_DYNAMIC_NO_PIC = NO;
				GCC_NO_COMMON_BLOCKS = YES;
				GCC_OPTIMIZATION_LEVEL = 0;
				GCC_PREPROCESSOR_DEFINITIONS = (
					"DEBUG=1",
					"$(inherited)",
				);
				GCC_WARN_64_TO_32_BIT_CONVERSION = YES;
				GCC_WARN_ABOUT_RETURN_TYPE = YES_ERROR;
				GCC_WARN_UNDECLARED_SELECTOR = YES;
				GCC_WARN_UNINITIALIZED_AUTOS = YES_AGGRESSIVE;
				GCC_WARN_UNUSED_FUNCTION = YES;
				GCC_WARN_UNUSED_VARIABLE = YES;
				IPHONEOS_DEPLOYMENT_TARGET = 13.6;
				MTL_ENABLE_DEBUG_INFO = INCLUDE_SOURCE;
				MTL_FAST_MATH = YES;
				ONLY_ACTIVE_ARCH = YES;
				SDKROOT = iphoneos;
				SWIFT_ACTIVE_COMPILATION_CONDITIONS = DEBUG;
				SWIFT_OPTIMIZATION_LEVEL = "-Onone";
			};
			name = Debug;
		};
		998B878C24A856680007D698 /* Release */ = {
			isa = XCBuildConfiguration;
			buildSettings = {
				ALWAYS_SEARCH_USER_PATHS = NO;
				CLANG_ANALYZER_NONNULL = YES;
				CLANG_ANALYZER_NUMBER_OBJECT_CONVERSION = YES_AGGRESSIVE;
				CLANG_CXX_LANGUAGE_STANDARD = "gnu++14";
				CLANG_CXX_LIBRARY = "libc++";
				CLANG_ENABLE_MODULES = YES;
				CLANG_ENABLE_OBJC_ARC = YES;
				CLANG_ENABLE_OBJC_WEAK = YES;
				CLANG_WARN_BLOCK_CAPTURE_AUTORELEASING = YES;
				CLANG_WARN_BOOL_CONVERSION = YES;
				CLANG_WARN_COMMA = YES;
				CLANG_WARN_CONSTANT_CONVERSION = YES;
				CLANG_WARN_DEPRECATED_OBJC_IMPLEMENTATIONS = YES;
				CLANG_WARN_DIRECT_OBJC_ISA_USAGE = YES_ERROR;
				CLANG_WARN_DOCUMENTATION_COMMENTS = YES;
				CLANG_WARN_EMPTY_BODY = YES;
				CLANG_WARN_ENUM_CONVERSION = YES;
				CLANG_WARN_INFINITE_RECURSION = YES;
				CLANG_WARN_INT_CONVERSION = YES;
				CLANG_WARN_NON_LITERAL_NULL_CONVERSION = YES;
				CLANG_WARN_OBJC_IMPLICIT_RETAIN_SELF = YES;
				CLANG_WARN_OBJC_LITERAL_CONVERSION = YES;
				CLANG_WARN_OBJC_ROOT_CLASS = YES_ERROR;
				CLANG_WARN_RANGE_LOOP_ANALYSIS = YES;
				CLANG_WARN_STRICT_PROTOTYPES = YES;
				CLANG_WARN_SUSPICIOUS_MOVE = YES;
				CLANG_WARN_UNGUARDED_AVAILABILITY = YES_AGGRESSIVE;
				CLANG_WARN_UNREACHABLE_CODE = YES;
				CLANG_WARN__DUPLICATE_METHOD_MATCH = YES;
				COPY_PHASE_STRIP = NO;
				DEBUG_INFORMATION_FORMAT = "dwarf-with-dsym";
				ENABLE_NS_ASSERTIONS = NO;
				ENABLE_STRICT_OBJC_MSGSEND = YES;
				GCC_C_LANGUAGE_STANDARD = gnu11;
				GCC_NO_COMMON_BLOCKS = YES;
				GCC_WARN_64_TO_32_BIT_CONVERSION = YES;
				GCC_WARN_ABOUT_RETURN_TYPE = YES_ERROR;
				GCC_WARN_UNDECLARED_SELECTOR = YES;
				GCC_WARN_UNINITIALIZED_AUTOS = YES_AGGRESSIVE;
				GCC_WARN_UNUSED_FUNCTION = YES;
				GCC_WARN_UNUSED_VARIABLE = YES;
				IPHONEOS_DEPLOYMENT_TARGET = 13.6;
				MTL_ENABLE_DEBUG_INFO = NO;
				MTL_FAST_MATH = YES;
				SDKROOT = iphoneos;
				SWIFT_COMPILATION_MODE = wholemodule;
				SWIFT_OPTIMIZATION_LEVEL = "-O";
				VALIDATE_PRODUCT = YES;
			};
			name = Release;
		};
		998B878E24A856680007D698 /* Debug */ = {
			isa = XCBuildConfiguration;
			buildSettings = {
				ASSETCATALOG_COMPILER_APPICON_NAME = AppIcon;
				CODE_SIGN_STYLE = Automatic;
				DEVELOPMENT_TEAM = KXUARCH5HB;
				INFOPLIST_FILE = BookReviewApp/Info.plist;
				IPHONEOS_DEPLOYMENT_TARGET = 13.5;
				LD_RUNPATH_SEARCH_PATHS = (
					"$(inherited)",
					"@executable_path/Frameworks",
				);
				PRODUCT_BUNDLE_IDENTIFIER = co.ESUHSD.BookReviewApp;
				PRODUCT_NAME = "$(TARGET_NAME)";
				SWIFT_VERSION = 5.0;
				TARGETED_DEVICE_FAMILY = "1,2";
			};
			name = Debug;
		};
		998B878F24A856680007D698 /* Release */ = {
			isa = XCBuildConfiguration;
			buildSettings = {
				ASSETCATALOG_COMPILER_APPICON_NAME = AppIcon;
				CODE_SIGN_STYLE = Automatic;
				DEVELOPMENT_TEAM = KXUARCH5HB;
				INFOPLIST_FILE = BookReviewApp/Info.plist;
				IPHONEOS_DEPLOYMENT_TARGET = 13.5;
				LD_RUNPATH_SEARCH_PATHS = (
					"$(inherited)",
					"@executable_path/Frameworks",
				);
				PRODUCT_BUNDLE_IDENTIFIER = co.ESUHSD.BookReviewApp;
				PRODUCT_NAME = "$(TARGET_NAME)";
				SWIFT_VERSION = 5.0;
				TARGETED_DEVICE_FAMILY = "1,2";
			};
			name = Release;
		};
/* End XCBuildConfiguration section */

/* Begin XCConfigurationList section */
		998B877424A856670007D698 /* Build configuration list for PBXProject "BookReviewApp" */ = {
			isa = XCConfigurationList;
			buildConfigurations = (
				998B878B24A856680007D698 /* Debug */,
				998B878C24A856680007D698 /* Release */,
			);
			defaultConfigurationIsVisible = 0;
			defaultConfigurationName = Release;
		};
		998B878D24A856680007D698 /* Build configuration list for PBXNativeTarget "BookReviewApp" */ = {
			isa = XCConfigurationList;
			buildConfigurations = (
				998B878E24A856680007D698 /* Debug */,
				998B878F24A856680007D698 /* Release */,
			);
			defaultConfigurationIsVisible = 0;
			defaultConfigurationName = Release;
		};
/* End XCConfigurationList section */
	};
	rootObject = 998B877124A856670007D698 /* Project object */;
}
